version = 1
revision = 3
requires-python = ">=3.9"

[[package]]
name = "opencc"
version = "1.4.1"
source = { registry = "https://pypi.org/simple" }
sdist = { url = "https://files.pythonhosted.org/packages/de/4a/9fdb46f75751712f5c2ea76fdffe3d08f2b833301263644e1267ef82c1cd/opencc-1.4.1.tar.gz", hash = "sha256:a2c58215626ac5131c5db277766678d552fc296e9e0299ef183cb67c1a7f30e7", size = 11592892, upload-time = "2026-07-12T14:59:55.166Z" }
wheels = [
    { url = "https://files.pythonhosted.org/packages/69/eb/aabab0e242b12c69d1a9efdb24f09bb66204a9cd10b3e973c5066c5d4859/opencc-1.4.1-cp310-cp310-macosx_10_9_x86_64.whl", hash = "sha256:0a459aea4fb18a1f0e5b6c72e7486a1b2994a0f3ed4e6a1e1452cf6001720360", size = 2095679, upload-time = "2026-07-12T15:03:56.751Z" },
    { url = "https://files.pythonhosted.org/packages/30/4c/da91fbb0affec4c044083cb1d6c7e84586009929797dfff71afa7c6fde7b/opencc-1.4.1-cp310-cp310-macosx_11_0_arm64.whl", hash = "sha256:85bcdc593ef99fbf5a7fcdc5d2a1e19fe2d9a38f0f603ff3504d5dd12f1f5b50", size = 2000014, upload-time = "2026-07-12T14:57:45.673Z" },
    { url = "https://files.pythonhosted.org/packages/a9/64/ab687f07f5f086f0c4dcf7b494bf93b7aebcfa423192b40085258e90d08a/opencc-1.4.1-cp310-cp310-manylinux2014_aarch64.manylinux_2_17_aarch64.whl", hash = "sha256:6f562ec325a8e9b37c63017dfd22bad0b04591bcc6be7804a74d384aa2711415", size = 2342841, upload-time = "2026-07-12T14:59:40.266Z" },
    { url = "https://files.pythonhosted.org/packages/ba/61/7fe8c1f46b96d94c72028f22341445181f16dc2836e5ebac0c63fcde2366/opencc-1.4.1-cp310-cp310-manylinux2014_x86_64.manylinux_2_17_x86_64.whl", hash = "sha256:ea1987dff44531e49555518f8e8eba109e7f408dc12f3d67223a1744bda36f74", size = 2380424, upload-time = "2026-07-12T14:59:47.704Z" },
    { url = "https://files.pythonhosted.org/packages/52/b9/907292a1caf5b1c9827aa6bfc6783b3de209aba89110b14db7ec46a67c4f/opencc-1.4.1-cp310-cp310-win_amd64.whl", hash = "sha256:f7ae7ea361d27ba14d7725420cc2217b8986416473537b4b79f32b2e203d12c8", size = 2793700, upload-time = "2026-07-12T15:02:55.038Z" },
    { url = "https://files.pythonhosted.org/packages/c0/de/ab725222574549fc8434fac32eaa566261d1537574860d0e0c0e2250dd9a/opencc-1.4.1-cp311-cp311-macosx_10_9_x86_64.whl", hash = "sha256:f0eeed058b10220ecb4177c68c2e6a78e7eabc747e26517b1d178785a5349117", size = 2097210, upload-time = "2026-07-12T15:03:58.041Z" },
    { url = "https://files.pythonhosted.org/packages/f1/3e/e5a4fbfc372c4465c9d1091547249759073eee9b05a1881819dffe61e2a9/opencc-1.4.1-cp311-cp311-macosx_11_0_arm64.whl", hash = "sha256:7dec930f786e20943e519b97e237ce4e1ebcd4dded264b3e0deef6f163ce5857", size = 2001218, upload-time = "2026-07-12T14:57:47.112Z" },
    { url = "https://files.pythonhosted.org/packages/c1/f4/6efdeeb9df502a611b480add61f806ca53190113509ab7037b85ea3b8732/opencc-1.4.1-cp311-cp311-manylinux2014_aarch64.manylinux_2_17_aarch64.whl", hash = "sha256:9816031e6fead191e1e3110a30f6c2c50b2acac1270a54d65d096342e4995abd", size = 2344123, upload-time = "2026-07-12T14:59:41.74Z" },
    { url = "https://files.pythonhosted.org/packages/23/62/dc0c1cbfa495fee549984aba8b2da98d4ad53af6ad460bf1c36d9d061f94/opencc-1.4.1-cp311-cp311-manylinux2014_x86_64.manylinux_2_17_x86_64.whl", hash = "sha256:1b55f7423189975418d0dcd951d8771734bd16936e4fd4c824429153569820b9", size = 2381814, upload-time = "2026-07-12T14:59:49.395Z" },
    { url = "https://files.pythonhosted.org/packages/2e/cd/a37d75677809ed12854f5a7407214c4d83c9d55c06947b249dba64a3d9fe/opencc-1.4.1-cp311-cp311-win_amd64.whl", hash = "sha256:ce150a721d85ee5233aba7415ee6b274d1e1c49635e1930811eb8b271829ac88", size = 2795092, upload-time = "2026-07-12T15:02:56.559Z" },
    { url = "https://files.pythonhosted.org/packages/2e/a1/7ffacb33571dd4f37c7eccc38c25559f5b015e4246126e56aa575d3ef0b6/opencc-1.4.1-cp312-cp312-macosx_10_13_x86_64.whl", hash = "sha256:1f4eb3d48bcd4b6a382f27c89e84c12d4e0932c1792d39bb3792e0b51590467b", size = 2096561, upload-time = "2026-07-12T15:03:59.142Z" },
    { url = "https://files.pythonhosted.org/packages/54/db/eb079ac9a565bf37317108a4c78f8d821cd8e4887baf2ae1912d807ddd33/opencc-1.4.1-cp312-cp312-macosx_11_0_arm64.whl", hash = "sha256:f44ae128b3ae69651a171a918d2c707a9388838dc791d23935fed2f0066d7ce2", size = 2000503, upload-time = "2026-07-12T14:57:48.436Z" },
    { url = "https://files.pythonhosted.org/packages/f0/49/f7d5db22d11efe0f36d566f270a85fed8371ad12b690b3120c8862692f65/opencc-1.4.1-cp312-cp312-manylinux2014_aarch64.manylinux_2_17_aarch64.whl", hash = "sha256:3f64c90aa026d5d69ced1f4b5375e0480408597b785075c3c34ab2ae37f66cd0", size = 2343226, upload-time = "2026-07-12T14:59:42.9Z" },
    { url = "https://files.pythonhosted.org/packages/bf/07/936ded52b9d3278f055fbb182b47ce7e90648cf701ac339f6743eeb9319f/opencc-1.4.1-cp312-cp312-manylinux2014_x86_64.manylinux_2_17_x86_64.whl", hash = "sha256:dd35957fcdb633b1c262a5c36e57306be8db25de972bf5d700cc17cbef3d98b4", size = 2380661, upload-time = "2026-07-12T14:59:50.703Z" },
    { url = "https://files.pythonhosted.org/packages/41/85/633a7e51940db4c454c4852559b707a0e30b3edbfef1372e6cee197624d0/opencc-1.4.1-cp312-cp312-win_amd64.whl", hash = "sha256:129d2266a3a1c6e01c57344147f96cbda60557a3c91d083403066c34411aee23", size = 2795541, upload-time = "2026-07-12T15:02:58.556Z" },
    { url = "https://files.pythonhosted.org/packages/fe/7a/27525cb0a5a402e7dc45b0852c14cb46dde614ff5955e6869d3b64b31684/opencc-1.4.1-cp313-cp313-macosx_10_13_x86_64.whl", hash = "sha256:e3b51cff5ad497376d3f04ab7902363fe9dced44646de4db2995403a25e3b017", size = 2096613, upload-time = "2026-07-12T15:04:00.333Z" },
    { url = "https://files.pythonhosted.org/packages/96/15/0b42694b9ac218335f0dcf4a5b9757d18356fe27d19ec5e4c1872538d2ce/opencc-1.4.1-cp313-cp313-macosx_11_0_arm64.whl", hash = "sha256:b7af1032690c00d56cf4858a62c08e6f683a8fbb14a4300bb692516fa45d4ed4", size = 2000591, upload-time = "2026-07-12T14:57:49.666Z" },
    { url = "https://files.pythonhosted.org/packages/3c/2f/4e981646fc6dea7438f2612608f4a6a9780c6b1c580f0d4a127c24c270a1/opencc-1.4.1-cp313-cp313-manylinux2014_aarch64.manylinux_2_17_aarch64.whl", hash = "sha256:0afecd22b3963bc1ac96069a5e8c1ba3f4800708360b5a67ab8b302a0271fdc6", size = 2343323, upload-time = "2026-07-12T14:59:44.241Z" },
    { url = "https://files.pythonhosted.org/packages/26/f0/2f34d136eaf456e4b31d5662a2d23da1e9362cab6a74825d3dbb397b5e72/opencc-1.4.1-cp313-cp313-manylinux2014_x86_64.manylinux_2_17_x86_64.whl", hash = "sha256:4f7fe2e9a7abd48543e332783dcc6ad2ffc9b93d98fffdd5cf9a91512ef894eb", size = 2380744, upload-time = "2026-07-12T14:59:52.08Z" },
    { url = "https://files.pythonhosted.org/packages/5d/98/2941f2d1be297155fcb60ccb781e3525fb3d6e5ea092f2515dc7cc2a8494/opencc-1.4.1-cp313-cp313-win_amd64.whl", hash = "sha256:f2bc683dbb0b175357a6558d2802d9a2fe158c078d0564714cf43aeb9bd42249", size = 2795565, upload-time = "2026-07-12T15:02:59.902Z" },
    { url = "https://files.pythonhosted.org/packages/5d/1d/e91cd67bc21149d43cdfe1fee09ca2953b8367d69c5fbc6dca1d3c5040b0/opencc-1.4.1-cp314-cp314-macosx_10_15_x86_64.whl", hash = "sha256:f3bf198aae95e21fe46bb2f86e2fc3e005cca02208d958ae5738aa2f1788fe07", size = 2096702, upload-time = "2026-07-12T15:04:01.506Z" },
    { url = "https://files.pythonhosted.org/packages/f4/bc/aeee89c1b685de276fe452880287f3afd489e8fd4393e07d52df9aed48c6/opencc-1.4.1-cp314-cp314-macosx_11_0_arm64.whl", hash = "sha256:f148144f8710c9b436f9f6019d3448c14a0328074f354a789d0703d45288dff5", size = 2000753, upload-time = "2026-07-12T14:57:51.069Z" },
    { url = "https://files.pythonhosted.org/packages/1b/0d/c747e9e0c5718f968b31e079061974bad579dc5c5d4ada1237d96bcccd92/opencc-1.4.1-cp314-cp314-manylinux2014_aarch64.manylinux_2_17_aarch64.whl", hash = "sha256:4088ad78f22d8d93c6ce5939ca009807a54fbe9af93a97ff53a501438a5b00a0", size = 2343499, upload-time = "2026-07-12T14:59:46.148Z" },
    { url = "https://files.pythonhosted.org/packages/83/97/e8d9a4f08156089e285c61728a8897bc603fd295a23fd70cf5d019899c2d/opencc-1.4.1-cp314-cp314-manylinux2014_x86_64.manylinux_2_17_x86_64.whl", hash = "sha256:5052ed968c2b12c3e95d4208ce3b45dd8349bf6ee6fbc54852e0512e01e7a213", size = 2380713, upload-time = "2026-07-12T14:59:53.599Z" },
    { url = "https://files.pythonhosted.org/packages/3f/ff/c09d908220f43a68161ae24e7283ff67b5a07824ff5f5b3b9addc0ce3120/opencc-1.4.1-cp314-cp314-win_amd64.whl", hash = "sha256:b9fbff4538682ed04cdaa12f7df84f8ac2cf23d011bd0eae5aaf5d7ae183fe42", size = 2856942, upload-time = "2026-07-12T15:03:01.213Z" },
]

[[package]]
name = "opencc-cn-name"
version = "0.1.2"
source = { editable = "." }
dependencies = [
    { name = "opencc" },
]

[package.metadata]
requires-dist = [{ name = "opencc" }]
